
Microsoft Visual Studio Solution File, Format Version 12.00
# Visual Studio Version 17
VisualStudioVersion = 17.11.35327.3
MinimumVisualStudioVersion = 10.0.40219.1
Project("{FAE04EC0-301F-11D3-BF4B-00C04F79EFBC}") = "SpeedyAir.ly", "SpeedyAir.ly\SpeedyAir.ly.csproj", "{B014A1B5-17CE-4617-98B9-CEA96D0F4A3E}"
EndProject
Global
	GlobalSection(SolutionConfigurationPlatforms) = preSolution
		Debug|Any CPU = Debug|Any CPU
		Release|Any CPU = Release|Any CPU
	EndGlobalSection
	GlobalSection(ProjectConfigurationPlatforms) = postSolution
		{B014A1B5-17CE-4617-98B9-CEA96D0F4A3E}.Debug|Any CPU.ActiveCfg = Debug|Any CPU
		{B014A1B5-17CE-4617-98B9-CEA96D0F4A3E}.Debug|Any CPU.Build.0 = Debug|Any CPU
		{B014A1B5-17CE-4617-98B9-CEA96D0F4A3E}.Release|Any CPU.ActiveCfg = Release|Any CPU
		{B014A1B5-17CE-4617-98B9-CEA96D0F4A3E}.Release|Any CPU.Build.0 = Release|Any CPU
	EndGlobalSection
	GlobalSection(SolutionProperties) = preSolution
		HideSolutionNode = FALSE
	EndGlobalSection
	GlobalSection(ExtensibilityGlobals) = postSolution
		SolutionGuid = {0A560990-8854-43D1-9ED2-448342FE1962}
	EndGlobalSection
EndGlobal
